<?xml version="1.0" encoding="utf-8"?>
<Project ToolsVersion="4.0" xmlns="http://schemas.microsoft.com/developer/msbuild/2003">
  <ItemGroup>
    <Filter Include="Kernel">
      <UniqueIdentifier>{9dd5ef4c-10ea-496c-b83b-d66b4706defe}</UniqueIdentifier>
    </Filter>
    <Filter Include="Parser">
      <UniqueIdentifier>{dc9b0298-826f-4640-99dd-d48d4d295049}</UniqueIdentifier>
    </Filter>
    <Filter Include="Parser\TinyXML">
      <UniqueIdentifier>{f8554542-4cc0-4bb2-a20c-54da809116c4}</UniqueIdentifier>
    </Filter>
  </ItemGroup>
  <ItemGroup>
    <ClCompile Include="StdAfx.cpp">
      <Filter>Kernel</Filter>
    </ClCompile>
    <ClCompile Include="xrXMLParser.cpp">
      <Filter>Parser</Filter>
    </ClCompile>
    <ClCompile Include="tinystr.cpp">
      <Filter>Parser\TinyXML</Filter>
    </ClCompile>
    <ClCompile Include="tinyxml.cpp">
      <Filter>Parser\TinyXML</Filter>
    </ClCompile>
    <ClCompile Include="tinyxmlerror.cpp">
      <Filter>Parser\TinyXML</Filter>
    </ClCompile>
    <ClCompile Include="tinyxmlparser.cpp">
      <Filter>Parser\TinyXML</Filter>
    </ClCompile>
  </ItemGroup>
  <ItemGroup>
    <ClInclude Include="stdafx.h">
      <Filter>Kernel</Filter>
    </ClInclude>
    <ClInclude Include="xrXMLParser.h">
      <Filter>Parser</Filter>
    </ClInclude>
    <ClInclude Include="tinystr.h">
      <Filter>Parser\TinyXML</Filter>
    </ClInclude>
    <ClInclude Include="tinyxml.h">
      <Filter>Parser\TinyXML</Filter>
    </ClInclude>
  </ItemGroup>
</Project>